
Microsoft Visual Studio Solution File, Format Version 12.00
# Visual Studio Version 17
VisualStudioVersion = 17.9.34714.143
MinimumVisualStudioVersion = 10.0.40219.1
Project("{9A19103F-16F7-4668-BE54-9A1E7A4F7556}") = "PGAS.WebAPI", "ePortal.WebAPI\PGAS.WebAPI.csproj", "{DBF12278-05AE-4D6F-9855-0FC57C631CD7}"
EndProject
Project("{9A19103F-16F7-4668-BE54-9A1E7A4F7556}") = "PGAS.ePortal.Client", "ePortal.Client\PGAS.ePortal.Client.csproj", "{BA786EA8-2693-420D-82DF-5B85DF94C310}"
EndProject
Global
	GlobalSection(SolutionConfigurationPlatforms) = preSolution
		Debug|Any CPU = Debug|Any CPU
		Release|Any CPU = Release|Any CPU
	EndGlobalSection
	GlobalSection(ProjectConfigurationPlatforms) = postSolution
		{DBF12278-05AE-4D6F-9855-0FC57C631CD7}.Debug|Any CPU.ActiveCfg = Debug|Any CPU
		{DBF12278-05AE-4D6F-9855-0FC57C631CD7}.Debug|Any CPU.Build.0 = Debug|Any CPU
		{DBF12278-05AE-4D6F-9855-0FC57C631CD7}.Release|Any CPU.ActiveCfg = Release|Any CPU
		{DBF12278-05AE-4D6F-9855-0FC57C631CD7}.Release|Any CPU.Build.0 = Release|Any CPU
		{BA786EA8-2693-420D-82DF-5B85DF94C310}.Debug|Any CPU.ActiveCfg = Debug|Any CPU
		{BA786EA8-2693-420D-82DF-5B85DF94C310}.Debug|Any CPU.Build.0 = Debug|Any CPU
		{BA786EA8-2693-420D-82DF-5B85DF94C310}.Release|Any CPU.ActiveCfg = Release|Any CPU
		{BA786EA8-2693-420D-82DF-5B85DF94C310}.Release|Any CPU.Build.0 = Release|Any CPU
	EndGlobalSection
	GlobalSection(SolutionProperties) = preSolution
		HideSolutionNode = FALSE
	EndGlobalSection
	GlobalSection(ExtensibilityGlobals) = postSolution
		SolutionGuid = {B52A3A0C-9FBF-4772-AD83-57D25D1F6CF1}
	EndGlobalSection
EndGlobal
